// !$*UTF8*$!
{
	archiveVersion = 1;
	classes = {
	};
	objectVersion = 51;
	objects = {

/* Begin PBXBuildFile section */
		6317DAED24EBD2DE000E6DC4 /* LBSNomalTagItemView.swift in Sources */ = {isa = PBXBuildFile; fileRef = 6317DAEC24EBD2DE000E6DC4 /* LBSNomalTagItemView.swift */; };
		6331827325E638080066476F /* CustomTagDemoCtrl.swift in Sources */ = {isa = PBXBuildFile; fileRef = 6331827225E638070066476F /* CustomTagDemoCtrl.swift */; };
		6331827825E63A260066476F /* LBSCanDeleteTagItemView.swift in Sources */ = {isa = PBXBuildFile; fileRef = 6331827725E63A260066476F /* LBSCanDeleteTagItemView.swift */; };
		63490CA624EA619400E09BF5 /* AppDelegate.swift in Sources */ = {isa = PBXBuildFile; fileRef = 63490CA524EA619400E09BF5 /* AppDelegate.swift */; };
		63490CAA24EA619400E09BF5 /* ViewController.swift in Sources */ = {isa = PBXBuildFile; fileRef = 63490CA924EA619400E09BF5 /* ViewController.swift */; };
		63490CAD24EA619400E09BF5 /* Main.storyboard in Resources */ = {isa = PBXBuildFile; fileRef = 63490CAB24EA619400E09BF5 /* Main.storyboard */; };
		63490CAF24EA619400E09BF5 /* Assets.xcassets in Resources */ = {isa = PBXBuildFile; fileRef = 63490CAE24EA619400E09BF5 /* Assets.xcassets */; };
		63490CB224EA619400E09BF5 /* LaunchScreen.storyboard in Resources */ = {isa = PBXBuildFile; fileRef = 63490CB024EA619400E09BF5 /* LaunchScreen.storyboard */; };
		63490CBD24EA619400E09BF5 /* iOS_DemoTests.swift in Sources */ = {isa = PBXBuildFile; fileRef = 63490CBC24EA619400E09BF5 /* iOS_DemoTests.swift */; };
		63490CC824EA619400E09BF5 /* iOS_DemoUITests.swift in Sources */ = {isa = PBXBuildFile; fileRef = 63490CC724EA619400E09BF5 /* iOS_DemoUITests.swift */; };
		63490CD624EA625300E09BF5 /* Test_EntryViewController.swift in Sources */ = {isa = PBXBuildFile; fileRef = 63490CD524EA625300E09BF5 /* Test_EntryViewController.swift */; };
		63490CD824EA62E600E09BF5 /* Test_EntryViewControllerExt.swift in Sources */ = {isa = PBXBuildFile; fileRef = 63490CD724EA62E600E09BF5 /* Test_EntryViewControllerExt.swift */; };
		63490CDB24EA664900E09BF5 /* BaseWebViewController.swift in Sources */ = {isa = PBXBuildFile; fileRef = 63490CDA24EA664900E09BF5 /* BaseWebViewController.swift */; };
		63490CDE24EA7E5B00E09BF5 /* H5Bridge.html in Resources */ = {isa = PBXBuildFile; fileRef = 63490CDD24EA7E5A00E09BF5 /* H5Bridge.html */; };
		63490CE024EA84B400E09BF5 /* LBSJSHandleService.swift in Sources */ = {isa = PBXBuildFile; fileRef = 63490CDF24EA84B400E09BF5 /* LBSJSHandleService.swift */; };
		635E6D1824EAC67E000BACC9 /* TableTagsDemoCtrl.swift in Sources */ = {isa = PBXBuildFile; fileRef = 635E6D1624EAC67E000BACC9 /* TableTagsDemoCtrl.swift */; };
		635E6D1924EAC67E000BACC9 /* TableTagsDemoCtrl.xib in Resources */ = {isa = PBXBuildFile; fileRef = 635E6D1724EAC67E000BACC9 /* TableTagsDemoCtrl.xib */; };
		635E6D1B24EAC7BE000BACC9 /* LBSTagView.swift in Sources */ = {isa = PBXBuildFile; fileRef = 635E6D1A24EAC7BE000BACC9 /* LBSTagView.swift */; };
		635E6D1E24EAC95E000BACC9 /* TagsTableViewCell.swift in Sources */ = {isa = PBXBuildFile; fileRef = 635E6D1C24EAC95E000BACC9 /* TagsTableViewCell.swift */; };
		635E6D1F24EAC95E000BACC9 /* TagsTableViewCell.xib in Resources */ = {isa = PBXBuildFile; fileRef = 635E6D1D24EAC95E000BACC9 /* TagsTableViewCell.xib */; };
		637B14C9268B1C1D00687149 /* TestLottieCtrl.swift in Sources */ = {isa = PBXBuildFile; fileRef = 637B14C7268B1C1D00687149 /* TestLottieCtrl.swift */; };
		637B14CA268B1C1D00687149 /* TestLottieCtrl.xib in Resources */ = {isa = PBXBuildFile; fileRef = 637B14C8268B1C1D00687149 /* TestLottieCtrl.xib */; };
		637B14CC268B1CD100687149 /* coffee.json in Resources */ = {isa = PBXBuildFile; fileRef = 637B14CB268B1CD100687149 /* coffee.json */; };
		637B14CE268B40DB00687149 /* download.json in Resources */ = {isa = PBXBuildFile; fileRef = 637B14CD268B40DB00687149 /* download.json */; };
		637DF0F525F86D5600C3B383 /* XLBaseViewController.swift in Sources */ = {isa = PBXBuildFile; fileRef = 637DF0F425F86D5600C3B383 /* XLBaseViewController.swift */; };
		637DF0FE25F86E1700C3B383 /* MacroTool.swift in Sources */ = {isa = PBXBuildFile; fileRef = 637DF0FD25F86E1700C3B383 /* MacroTool.swift */; };
		637DF10825F8704800C3B383 /* XLTestLandscapeCtrl.swift in Sources */ = {isa = PBXBuildFile; fileRef = 637DF10725F8704800C3B383 /* XLTestLandscapeCtrl.swift */; };
		637DF11025F871CC00C3B383 /* XLBaseNavViewController.swift in Sources */ = {isa = PBXBuildFile; fileRef = 637DF10F25F871CC00C3B383 /* XLBaseNavViewController.swift */; };
		637DF11825F876A800C3B383 /* UINavigationControllerExtension.swift in Sources */ = {isa = PBXBuildFile; fileRef = 637DF11725F876A800C3B383 /* UINavigationControllerExtension.swift */; };
		637DF11D25F876B800C3B383 /* UITabbarControllerExtension.swift in Sources */ = {isa = PBXBuildFile; fileRef = 637DF11C25F876B800C3B383 /* UITabbarControllerExtension.swift */; };
		638C30BD25F7709600D16EE4 /* TestPageTurningCtrl.xib in Resources */ = {isa = PBXBuildFile; fileRef = 638C30BC25F7709600D16EE4 /* TestPageTurningCtrl.xib */; };
		639E255325806410007CADF2 /* TestUIKitViewController.swift in Sources */ = {isa = PBXBuildFile; fileRef = 639E255225806410007CADF2 /* TestUIKitViewController.swift */; };
		639E255B2580660E007CADF2 /* UIImageExtensions.swift in Sources */ = {isa = PBXBuildFile; fileRef = 639E255A2580660E007CADF2 /* UIImageExtensions.swift */; };
		63A0B79E24EB706F00F2C9DA /* UIViewControllerExtension.swift in Sources */ = {isa = PBXBuildFile; fileRef = 63A0B79D24EB706F00F2C9DA /* UIViewControllerExtension.swift */; };
		63A0B7A024EB720B00F2C9DA /* UIApplicatonExtension.swift in Sources */ = {isa = PBXBuildFile; fileRef = 63A0B79F24EB720B00F2C9DA /* UIApplicatonExtension.swift */; };
		63A0B7A224EBB41F00F2C9DA /* StringExtension.swift in Sources */ = {isa = PBXBuildFile; fileRef = 63A0B7A124EBB41F00F2C9DA /* StringExtension.swift */; };
		63A0B7A424EBB7FC00F2C9DA /* UIColorExtension.swift in Sources */ = {isa = PBXBuildFile; fileRef = 63A0B7A324EBB7FC00F2C9DA /* UIColorExtension.swift */; };
		63A0B7AC24EBCCEF00F2C9DA /* NomalTagsDemoCtrl.swift in Sources */ = {isa = PBXBuildFile; fileRef = 63A0B7AA24EBCCEF00F2C9DA /* NomalTagsDemoCtrl.swift */; };
		63A0B7AD24EBCCEF00F2C9DA /* NomalTagsDemoCtrl.xib in Resources */ = {isa = PBXBuildFile; fileRef = 63A0B7AB24EBCCEF00F2C9DA /* NomalTagsDemoCtrl.xib */; };
		63A7D4752680797F00523F4A /* LBSBinarySort.m in Sources */ = {isa = PBXBuildFile; fileRef = 63A7D4742680797F00523F4A /* LBSBinarySort.m */; };
		63AF1B17256F4B560076BCCB /* XLLaunchViewController.swift in Sources */ = {isa = PBXBuildFile; fileRef = 63AF1B16256F4B560076BCCB /* XLLaunchViewController.swift */; };
		63BDF749255A32D700FE8351 /* XLTabbarCtr.swift in Sources */ = {isa = PBXBuildFile; fileRef = 63BDF748255A32D700FE8351 /* XLTabbarCtr.swift */; };
		63BDF751255A392F00FE8351 /* XLTabBar.swift in Sources */ = {isa = PBXBuildFile; fileRef = 63BDF750255A392F00FE8351 /* XLTabBar.swift */; };
		63CDE67625F76F6C003A9638 /* TestPageTurningCtrl.swift in Sources */ = {isa = PBXBuildFile; fileRef = 63CDE67525F76F6C003A9638 /* TestPageTurningCtrl.swift */; };
		63CFEB4F265F70CC00F92A60 /* XLCustomSlider.swift in Sources */ = {isa = PBXBuildFile; fileRef = 63CFEB4E265F70CC00F92A60 /* XLCustomSlider.swift */; };
		63DA0A5B2574C954001A3F2B /* XLNetworkHelper.swift in Sources */ = {isa = PBXBuildFile; fileRef = 63DA0A5A2574C954001A3F2B /* XLNetworkHelper.swift */; };
		63EE92392682E796004B50CD /* LBSKeyChainUtil.m in Sources */ = {isa = PBXBuildFile; fileRef = 63EE92382682E796004B50CD /* LBSKeyChainUtil.m */; };
		63EE923D268314EB004B50CD /* SensitiveDataSaveCtrl.swift in Sources */ = {isa = PBXBuildFile; fileRef = 63EE923B268314EB004B50CD /* SensitiveDataSaveCtrl.swift */; };
		63EE923E268314EB004B50CD /* SensitiveDataSaveCtrl.xib in Resources */ = {isa = PBXBuildFile; fileRef = 63EE923C268314EB004B50CD /* SensitiveDataSaveCtrl.xib */; };
		63EE924126833656004B50CD /* NSString+LBSAES.m in Sources */ = {isa = PBXBuildFile; fileRef = 63EE924026833656004B50CD /* NSString+LBSAES.m */; };
		63F198C62595D53800804F59 /* TextSpringAnimationCtrl.swift in Sources */ = {isa = PBXBuildFile; fileRef = 63F198C42595D53800804F59 /* TextSpringAnimationCtrl.swift */; };
		63F198C72595D53800804F59 /* TextSpringAnimationCtrl.xib in Resources */ = {isa = PBXBuildFile; fileRef = 63F198C52595D53800804F59 /* TextSpringAnimationCtrl.xib */; };
		63F55D61258E4E4500F1259E /* XLLimiCountTextView.swift in Sources */ = {isa = PBXBuildFile; fileRef = 63F55D60258E4E4500F1259E /* XLLimiCountTextView.swift */; };
		63F55D69258E4EF000F1259E /* LimitCountTextViewDemo.swift in Sources */ = {isa = PBXBuildFile; fileRef = 63F55D68258E4EF000F1259E /* LimitCountTextViewDemo.swift */; };
		63FC72D5255994BD003A3D18 /* ToupiaoJIeGuoCtrl.swift in Sources */ = {isa = PBXBuildFile; fileRef = 63FC72D4255994BD003A3D18 /* ToupiaoJIeGuoCtrl.swift */; };
		A44BF13FD125A5C13ECB2AEE /* Pods_iOS_Demo.framework in Frameworks */ = {isa = PBXBuildFile; fileRef = 2A7DF4B8C2EDB705785DF511 /* Pods_iOS_Demo.framework */; };
/* End PBXBuildFile section */

/* Begin PBXContainerItemProxy section */
		63490CB924EA619400E09BF5 /* PBXContainerItemProxy */ = {
			isa = PBXContainerItemProxy;
			containerPortal = 63490C9A24EA619300E09BF5 /* Project object */;
			proxyType = 1;
			remoteGlobalIDString = 63490CA124EA619400E09BF5;
			remoteInfo = "iOS-Demo";
		};
		63490CC424EA619400E09BF5 /* PBXContainerItemProxy */ = {
			isa = PBXContainerItemProxy;
			containerPortal = 63490C9A24EA619300E09BF5 /* Project object */;
			proxyType = 1;
			remoteGlobalIDString = 63490CA124EA619400E09BF5;
			remoteInfo = "iOS-Demo";
		};
/* End PBXContainerItemProxy section */

/* Begin PBXFileReference section */
		2A7DF4B8C2EDB705785DF511 /* Pods_iOS_Demo.framework */ = {isa = PBXFileReference; explicitFileType = wrapper.framework; includeInIndex = 0; path = Pods_iOS_Demo.framework; sourceTree = BUILT_PRODUCTS_DIR; };
		44E5D086D1DFF7B0A920D9FB /* Pods-iOS-Demo.release.xcconfig */ = {isa = PBXFileReference; includeInIndex = 1; lastKnownFileType = text.xcconfig; name = "Pods-iOS-Demo.release.xcconfig"; path = "Target Support Files/Pods-iOS-Demo/Pods-iOS-Demo.release.xcconfig"; sourceTree = "<group>"; };
		6317DAEC24EBD2DE000E6DC4 /* LBSNomalTagItemView.swift */ = {isa = PBXFileReference; lastKnownFileType = sourcecode.swift; path = LBSNomalTagItemView.swift; sourceTree = "<group>"; };
		6331827225E638070066476F /* CustomTagDemoCtrl.swift */ = {isa = PBXFileReference; lastKnownFileType = sourcecode.swift; path = CustomTagDemoCtrl.swift; sourceTree = "<group>"; };
		6331827725E63A260066476F /* LBSCanDeleteTagItemView.swift */ = {isa = PBXFileReference; lastKnownFileType = sourcecode.swift; path = LBSCanDeleteTagItemView.swift; sourceTree = "<group>"; };
		63490CA224EA619400E09BF5 /* iOS-Demo.app */ = {isa = PBXFileReference; explicitFileType = wrapper.application; includeInIndex = 0; path = "iOS-Demo.app"; sourceTree = BUILT_PRODUCTS_DIR; };
		63490CA524EA619400E09BF5 /* AppDelegate.swift */ = {isa = PBXFileReference; lastKnownFileType = sourcecode.swift; path = AppDelegate.swift; sourceTree = "<group>"; };
		63490CA924EA619400E09BF5 /* ViewController.swift */ = {isa = PBXFileReference; lastKnownFileType = sourcecode.swift; path = ViewController.swift; sourceTree = "<group>"; };
		63490CAC24EA619400E09BF5 /* Base */ = {isa = PBXFileReference; lastKnownFileType = file.storyboard; name = Base; path = Base.lproj/Main.storyboard; sourceTree = "<group>"; };
		63490CAE24EA619400E09BF5 /* Assets.xcassets */ = {isa = PBXFileReference; lastKnownFileType = folder.assetcatalog; path = Assets.xcassets; sourceTree = "<group>"; };
		63490CB124EA619400E09BF5 /* Base */ = {isa = PBXFileReference; lastKnownFileType = file.storyboard; name = Base; path = Base.lproj/LaunchScreen.storyboard; sourceTree = "<group>"; };
		63490CB324EA619400E09BF5 /* Info.plist */ = {isa = PBXFileReference; lastKnownFileType = text.plist.xml; path = Info.plist; sourceTree = "<group>"; };
		63490CB824EA619400E09BF5 /* iOS-DemoTests.xctest */ = {isa = PBXFileReference; explicitFileType = wrapper.cfbundle; includeInIndex = 0; path = "iOS-DemoTests.xctest"; sourceTree = BUILT_PRODUCTS_DIR; };
		63490CBC24EA619400E09BF5 /* iOS_DemoTests.swift */ = {isa = PBXFileReference; lastKnownFileType = sourcecode.swift; path = iOS_DemoTests.swift; sourceTree = "<group>"; };
		63490CBE24EA619400E09BF5 /* Info.plist */ = {isa = PBXFileReference; lastKnownFileType = text.plist.xml; path = Info.plist; sourceTree = "<group>"; };
		63490CC324EA619400E09BF5 /* iOS-DemoUITests.xctest */ = {isa = PBXFileReference; explicitFileType = wrapper.cfbundle; includeInIndex = 0; path = "iOS-DemoUITests.xctest"; sourceTree = BUILT_PRODUCTS_DIR; };
		63490CC724EA619400E09BF5 /* iOS_DemoUITests.swift */ = {isa = PBXFileReference; lastKnownFileType = sourcecode.swift; path = iOS_DemoUITests.swift; sourceTree = "<group>"; };
		63490CC924EA619400E09BF5 /* Info.plist */ = {isa = PBXFileReference; lastKnownFileType = text.plist.xml; path = Info.plist; sourceTree = "<group>"; };
		63490CD524EA625300E09BF5 /* Test_EntryViewController.swift */ = {isa = PBXFileReference; lastKnownFileType = sourcecode.swift; path = Test_EntryViewController.swift; sourceTree = "<group>"; };
		63490CD724EA62E600E09BF5 /* Test_EntryViewControllerExt.swift */ = {isa = PBXFileReference; lastKnownFileType = sourcecode.swift; path = Test_EntryViewControllerExt.swift; sourceTree = "<group>"; };
		63490CDA24EA664900E09BF5 /* BaseWebViewController.swift */ = {isa = PBXFileReference; lastKnownFileType = sourcecode.swift; path = BaseWebViewController.swift; sourceTree = "<group>"; };
		63490CDD24EA7E5A00E09BF5 /* H5Bridge.html */ = {isa = PBXFileReference; fileEncoding = 4; lastKnownFileType = text.html; path = H5Bridge.html; sourceTree = "<group>"; };
		63490CDF24EA84B400E09BF5 /* LBSJSHandleService.swift */ = {isa = PBXFileReference; lastKnownFileType = sourcecode.swift; path = LBSJSHandleService.swift; sourceTree = "<group>"; };
		635E6D1624EAC67E000BACC9 /* TableTagsDemoCtrl.swift */ = {isa = PBXFileReference; lastKnownFileType = sourcecode.swift; path = TableTagsDemoCtrl.swift; sourceTree = "<group>"; };
		635E6D1724EAC67E000BACC9 /* TableTagsDemoCtrl.xib */ = {isa = PBXFileReference; lastKnownFileType = file.xib; path = TableTagsDemoCtrl.xib; sourceTree = "<group>"; };
		635E6D1A24EAC7BE000BACC9 /* LBSTagView.swift */ = {isa = PBXFileReference; lastKnownFileType = sourcecode.swift; path = LBSTagView.swift; sourceTree = "<group>"; };
		635E6D1C24EAC95E000BACC9 /* TagsTableViewCell.swift */ = {isa = PBXFileReference; lastKnownFileType = sourcecode.swift; path = TagsTableViewCell.swift; sourceTree = "<group>"; };
		635E6D1D24EAC95E000BACC9 /* TagsTableViewCell.xib */ = {isa = PBXFileReference; lastKnownFileType = file.xib; path = TagsTableViewCell.xib; sourceTree = "<group>"; };
		637B14C7268B1C1D00687149 /* TestLottieCtrl.swift */ = {isa = PBXFileReference; lastKnownFileType = sourcecode.swift; path = TestLottieCtrl.swift; sourceTree = "<group>"; };
		637B14C8268B1C1D00687149 /* TestLottieCtrl.xib */ = {isa = PBXFileReference; lastKnownFileType = file.xib; path = TestLottieCtrl.xib; sourceTree = "<group>"; };
		637B14CB268B1CD100687149 /* coffee.json */ = {isa = PBXFileReference; fileEncoding = 4; lastKnownFileType = text.json; path = coffee.json; sourceTree = "<group>"; };
		637B14CD268B40DB00687149 /* download.json */ = {isa = PBXFileReference; fileEncoding = 4; lastKnownFileType = text.json; path = download.json; sourceTree = "<group>"; };
		637DF0F425F86D5600C3B383 /* XLBaseViewController.swift */ = {isa = PBXFileReference; lastKnownFileType = sourcecode.swift; path = XLBaseViewController.swift; sourceTree = "<group>"; };
		637DF0FD25F86E1700C3B383 /* MacroTool.swift */ = {isa = PBXFileReference; lastKnownFileType = sourcecode.swift; path = MacroTool.swift; sourceTree = "<group>"; };
		637DF10725F8704800C3B383 /* XLTestLandscapeCtrl.swift */ = {isa = PBXFileReference; lastKnownFileType = sourcecode.swift; path = XLTestLandscapeCtrl.swift; sourceTree = "<group>"; };
		637DF10F25F871CC00C3B383 /* XLBaseNavViewController.swift */ = {isa = PBXFileReference; lastKnownFileType = sourcecode.swift; path = XLBaseNavViewController.swift; sourceTree = "<group>"; };
		637DF11725F876A800C3B383 /* UINavigationControllerExtension.swift */ = {isa = PBXFileReference; lastKnownFileType = sourcecode.swift; path = UINavigationControllerExtension.swift; sourceTree = "<group>"; };
		637DF11C25F876B800C3B383 /* UITabbarControllerExtension.swift */ = {isa = PBXFileReference; lastKnownFileType = sourcecode.swift; path = UITabbarControllerExtension.swift; sourceTree = "<group>"; };
		638C30BC25F7709600D16EE4 /* TestPageTurningCtrl.xib */ = {isa = PBXFileReference; lastKnownFileType = file.xib; path = TestPageTurningCtrl.xib; sourceTree = "<group>"; };
		639E255225806410007CADF2 /* TestUIKitViewController.swift */ = {isa = PBXFileReference; lastKnownFileType = sourcecode.swift; path = TestUIKitViewController.swift; sourceTree = "<group>"; };
		639E255A2580660E007CADF2 /* UIImageExtensions.swift */ = {isa = PBXFileReference; lastKnownFileType = sourcecode.swift; path = UIImageExtensions.swift; sourceTree = "<group>"; };
		63A0B79D24EB706F00F2C9DA /* UIViewControllerExtension.swift */ = {isa = PBXFileReference; lastKnownFileType = sourcecode.swift; path = UIViewControllerExtension.swift; sourceTree = "<group>"; };
		63A0B79F24EB720B00F2C9DA /* UIApplicatonExtension.swift */ = {isa = PBXFileReference; lastKnownFileType = sourcecode.swift; path = UIApplicatonExtension.swift; sourceTree = "<group>"; };
		63A0B7A124EBB41F00F2C9DA /* StringExtension.swift */ = {isa = PBXFileReference; lastKnownFileType = sourcecode.swift; path = StringExtension.swift; sourceTree = "<group>"; };
		63A0B7A324EBB7FC00F2C9DA /* UIColorExtension.swift */ = {isa = PBXFileReference; lastKnownFileType = sourcecode.swift; path = UIColorExtension.swift; sourceTree = "<group>"; };
		63A0B7AA24EBCCEF00F2C9DA /* NomalTagsDemoCtrl.swift */ = {isa = PBXFileReference; lastKnownFileType = sourcecode.swift; path = NomalTagsDemoCtrl.swift; sourceTree = "<group>"; };
		63A0B7AB24EBCCEF00F2C9DA /* NomalTagsDemoCtrl.xib */ = {isa = PBXFileReference; lastKnownFileType = file.xib; path = NomalTagsDemoCtrl.xib; sourceTree = "<group>"; };
		63A7D4722680797E00523F4A /* iOS-Demo-Bridging-Header.h */ = {isa = PBXFileReference; lastKnownFileType = sourcecode.c.h; path = "iOS-Demo-Bridging-Header.h"; sourceTree = "<group>"; };
		63A7D4732680797F00523F4A /* LBSBinarySort.h */ = {isa = PBXFileReference; lastKnownFileType = sourcecode.c.h; path = LBSBinarySort.h; sourceTree = "<group>"; };
		63A7D4742680797F00523F4A /* LBSBinarySort.m */ = {isa = PBXFileReference; lastKnownFileType = sourcecode.c.objc; path = LBSBinarySort.m; sourceTree = "<group>"; };
		63AF1B16256F4B560076BCCB /* XLLaunchViewController.swift */ = {isa = PBXFileReference; fileEncoding = 4; lastKnownFileType = sourcecode.swift; path = XLLaunchViewController.swift; sourceTree = "<group>"; };
		63BDF748255A32D700FE8351 /* XLTabbarCtr.swift */ = {isa = PBXFileReference; lastKnownFileType = sourcecode.swift; path = XLTabbarCtr.swift; sourceTree = "<group>"; };
		63BDF750255A392F00FE8351 /* XLTabBar.swift */ = {isa = PBXFileReference; lastKnownFileType = sourcecode.swift; path = XLTabBar.swift; sourceTree = "<group>"; };
		63CDE67525F76F6C003A9638 /* TestPageTurningCtrl.swift */ = {isa = PBXFileReference; lastKnownFileType = sourcecode.swift; path = TestPageTurningCtrl.swift; sourceTree = "<group>"; };
		63CFEB4E265F70CC00F92A60 /* XLCustomSlider.swift */ = {isa = PBXFileReference; lastKnownFileType = sourcecode.swift; path = XLCustomSlider.swift; sourceTree = "<group>"; };
		63DA0A5A2574C954001A3F2B /* XLNetworkHelper.swift */ = {isa = PBXFileReference; lastKnownFileType = sourcecode.swift; path = XLNetworkHelper.swift; sourceTree = "<group>"; };
		63EE92372682E796004B50CD /* LBSKeyChainUtil.h */ = {isa = PBXFileReference; lastKnownFileType = sourcecode.c.h; path = LBSKeyChainUtil.h; sourceTree = "<group>"; };
		63EE92382682E796004B50CD /* LBSKeyChainUtil.m */ = {isa = PBXFileReference; lastKnownFileType = sourcecode.c.objc; path = LBSKeyChainUtil.m; sourceTree = "<group>"; };
		63EE923B268314EB004B50CD /* SensitiveDataSaveCtrl.swift */ = {isa = PBXFileReference; lastKnownFileType = sourcecode.swift; path = SensitiveDataSaveCtrl.swift; sourceTree = "<group>"; };
		63EE923C268314EB004B50CD /* SensitiveDataSaveCtrl.xib */ = {isa = PBXFileReference; lastKnownFileType = file.xib; path = SensitiveDataSaveCtrl.xib; sourceTree = "<group>"; };
		63EE923F26833656004B50CD /* NSString+LBSAES.h */ = {isa = PBXFileReference; lastKnownFileType = sourcecode.c.h; path = "NSString+LBSAES.h"; sourceTree = "<group>"; };
		63EE924026833656004B50CD /* NSString+LBSAES.m */ = {isa = PBXFileReference; lastKnownFileType = sourcecode.c.objc; path = "NSString+LBSAES.m"; sourceTree = "<group>"; };
		63F198C42595D53800804F59 /* TextSpringAnimationCtrl.swift */ = {isa = PBXFileReference; lastKnownFileType = sourcecode.swift; path = TextSpringAnimationCtrl.swift; sourceTree = "<group>"; };
		63F198C52595D53800804F59 /* TextSpringAnimationCtrl.xib */ = {isa = PBXFileReference; lastKnownFileType = file.xib; path = TextSpringAnimationCtrl.xib; sourceTree = "<group>"; };
		63F55D60258E4E4500F1259E /* XLLimiCountTextView.swift */ = {isa = PBXFileReference; lastKnownFileType = sourcecode.swift; path = XLLimiCountTextView.swift; sourceTree = "<group>"; };
		63F55D68258E4EF000F1259E /* LimitCountTextViewDemo.swift */ = {isa = PBXFileReference; lastKnownFileType = sourcecode.swift; path = LimitCountTextViewDemo.swift; sourceTree = "<group>"; };
		63FC72D4255994BD003A3D18 /* ToupiaoJIeGuoCtrl.swift */ = {isa = PBXFileReference; lastKnownFileType = sourcecode.swift; path = ToupiaoJIeGuoCtrl.swift; sourceTree = "<group>"; };
		B19EB99AEB3AF6676AC58317 /* Pods-iOS-Demo.debug.xcconfig */ = {isa = PBXFileReference; includeInIndex = 1; lastKnownFileType = text.xcconfig; name = "Pods-iOS-Demo.debug.xcconfig"; path = "Target Support Files/Pods-iOS-Demo/Pods-iOS-Demo.debug.xcconfig"; sourceTree = "<group>"; };
/* End PBXFileReference section */

/* Begin PBXFrameworksBuildPhase section */
		63490C9F24EA619400E09BF5 /* Frameworks */ = {
			isa = PBXFrameworksBuildPhase;
			buildActionMask = 2147483647;
			files = (
				A44BF13FD125A5C13ECB2AEE /* Pods_iOS_Demo.framework in Frameworks */,
			);
			runOnlyForDeploymentPostprocessing = 0;
		};
		63490CB524EA619400E09BF5 /* Frameworks */ = {
			isa = PBXFrameworksBuildPhase;
			buildActionMask = 2147483647;
			files = (
			);
			runOnlyForDeploymentPostprocessing = 0;
		};
		63490CC024EA619400E09BF5 /* Frameworks */ = {
			isa = PBXFrameworksBuildPhase;
			buildActionMask = 2147483647;
			files = (
			);
			runOnlyForDeploymentPostprocessing = 0;
		};
/* End PBXFrameworksBuildPhase section */

/* Begin PBXGroup section */
		1C4C0094BE113D0419F4E045 /* Pods */ = {
			isa = PBXGroup;
			children = (
				B19EB99AEB3AF6676AC58317 /* Pods-iOS-Demo.debug.xcconfig */,
				44E5D086D1DFF7B0A920D9FB /* Pods-iOS-Demo.release.xcconfig */,
			);
			path = Pods;
			sourceTree = "<group>";
		};
		6331827125E637CD0066476F /* CustomTagDemo */ = {
			isa = PBXGroup;
			children = (
				6331827225E638070066476F /* CustomTagDemoCtrl.swift */,
			);
			path = CustomTagDemo;
			sourceTree = "<group>";
		};
		63490C9924EA619300E09BF5 = {
			isa = PBXGroup;
			children = (
				63490CA424EA619400E09BF5 /* iOS-Demo */,
				63490CBB24EA619400E09BF5 /* iOS-DemoTests */,
				63490CC624EA619400E09BF5 /* iOS-DemoUITests */,
				63490CA324EA619400E09BF5 /* Products */,
				1C4C0094BE113D0419F4E045 /* Pods */,
				7917CC7EFF8225A79505D4B6 /* Frameworks */,
			);
			sourceTree = "<group>";
		};
		63490CA324EA619400E09BF5 /* Products */ = {
			isa = PBXGroup;
			children = (
				63490CA224EA619400E09BF5 /* iOS-Demo.app */,
				63490CB824EA619400E09BF5 /* iOS-DemoTests.xctest */,
				63490CC324EA619400E09BF5 /* iOS-DemoUITests.xctest */,
			);
			name = Products;
			sourceTree = "<group>";
		};
		63490CA424EA619400E09BF5 /* iOS-Demo */ = {
			isa = PBXGroup;
			children = (
				637DF10525F86FC700C3B383 /* Test */,
				63F55D5F258E4E2A00F1259E /* 常用控件 */,
				63DA0A582574C919001A3F2B /* 基础服务类 */,
				63A0B79C24EB700A00F2C9DA /* Extension */,
				63490CA524EA619400E09BF5 /* AppDelegate.swift */,
				63AF1B16256F4B560076BCCB /* XLLaunchViewController.swift */,
				63490CD524EA625300E09BF5 /* Test_EntryViewController.swift */,
				63490CD724EA62E600E09BF5 /* Test_EntryViewControllerExt.swift */,
				63490CA924EA619400E09BF5 /* ViewController.swift */,
				639E255225806410007CADF2 /* TestUIKitViewController.swift */,
				63A7D4722680797E00523F4A /* iOS-Demo-Bridging-Header.h */,
				63490CAB24EA619400E09BF5 /* Main.storyboard */,
				63490CAE24EA619400E09BF5 /* Assets.xcassets */,
				63490CB024EA619400E09BF5 /* LaunchScreen.storyboard */,
				63490CB324EA619400E09BF5 /* Info.plist */,
			);
			path = "iOS-Demo";
			sourceTree = "<group>";
		};
		63490CBB24EA619400E09BF5 /* iOS-DemoTests */ = {
			isa = PBXGroup;
			children = (
				63490CBC24EA619400E09BF5 /* iOS_DemoTests.swift */,
				63490CBE24EA619400E09BF5 /* Info.plist */,
			);
			path = "iOS-DemoTests";
			sourceTree = "<group>";
		};
		63490CC624EA619400E09BF5 /* iOS-DemoUITests */ = {
			isa = PBXGroup;
			children = (
				63490CC724EA619400E09BF5 /* iOS_DemoUITests.swift */,
				63490CC924EA619400E09BF5 /* Info.plist */,
			);
			path = "iOS-DemoUITests";
			sourceTree = "<group>";
		};
		63490CD924EA65F600E09BF5 /* Web */ = {
			isa = PBXGroup;
			children = (
				63490CDA24EA664900E09BF5 /* BaseWebViewController.swift */,
				63490CDD24EA7E5A00E09BF5 /* H5Bridge.html */,
				63490CDF24EA84B400E09BF5 /* LBSJSHandleService.swift */,
			);
			path = Web;
			sourceTree = "<group>";
		};
		635E6D1324EAC63A000BACC9 /* TagsViewDemo */ = {
			isa = PBXGroup;
			children = (
				6331827125E637CD0066476F /* CustomTagDemo */,
				63A0B7A724EBCAF100F2C9DA /* NomalDemo */,
				63A0B7A624EBCAD900F2C9DA /* TableDemo */,
				63A0B7A524EBCABB00F2C9DA /* LBSTagView */,
			);
			path = TagsViewDemo;
			sourceTree = "<group>";
		};
		637B14C6268B1BF500687149 /* Lottie */ = {
			isa = PBXGroup;
			children = (
				637B14CB268B1CD100687149 /* coffee.json */,
				637B14CD268B40DB00687149 /* download.json */,
				637B14C7268B1C1D00687149 /* TestLottieCtrl.swift */,
				637B14C8268B1C1D00687149 /* TestLottieCtrl.xib */,
			);
			path = Lottie;
			sourceTree = "<group>";
		};
		637DF0F225F86D2100C3B383 /* 基类 */ = {
			isa = PBXGroup;
			children = (
				637DF0F325F86D3300C3B383 /* UIKit */,
			);
			path = "基类";
			sourceTree = "<group>";
		};
		637DF0F325F86D3300C3B383 /* UIKit */ = {
			isa = PBXGroup;
			children = (
				637DF0F425F86D5600C3B383 /* XLBaseViewController.swift */,
				637DF10F25F871CC00C3B383 /* XLBaseNavViewController.swift */,
			);
			path = UIKit;
			sourceTree = "<group>";
		};
		637DF0FC25F86DF900C3B383 /* 常用宏 */ = {
			isa = PBXGroup;
			children = (
				637DF0FD25F86E1700C3B383 /* MacroTool.swift */,
			);
			path = "常用宏";
			sourceTree = "<group>";
		};
		637DF10525F86FC700C3B383 /* Test */ = {
			isa = PBXGroup;
			children = (
				637B14C6268B1BF500687149 /* Lottie */,
				63EE923A268314A1004B50CD /* 敏感数据保存 */,
				637DF10625F8700D00C3B383 /* 强制横屏 */,
				63BDF747255A328C00FE8351 /* 类闲鱼Tabbar */,
				63FC72D025599489003A3D18 /* 投票结果 */,
				635E6D1324EAC63A000BACC9 /* TagsViewDemo */,
				63F198B42595D49D00804F59 /* 动画 */,
			);
			path = Test;
			sourceTree = "<group>";
		};
		637DF10625F8700D00C3B383 /* 强制横屏 */ = {
			isa = PBXGroup;
			children = (
				637DF10725F8704800C3B383 /* XLTestLandscapeCtrl.swift */,
			);
			path = "强制横屏";
			sourceTree = "<group>";
		};
		63A0B79C24EB700A00F2C9DA /* Extension */ = {
			isa = PBXGroup;
			children = (
				63A0B79D24EB706F00F2C9DA /* UIViewControllerExtension.swift */,
				637DF11725F876A800C3B383 /* UINavigationControllerExtension.swift */,
				637DF11C25F876B800C3B383 /* UITabbarControllerExtension.swift */,
				63A0B79F24EB720B00F2C9DA /* UIApplicatonExtension.swift */,
				63A0B7A324EBB7FC00F2C9DA /* UIColorExtension.swift */,
				63A0B7A124EBB41F00F2C9DA /* StringExtension.swift */,
				639E255A2580660E007CADF2 /* UIImageExtensions.swift */,
				63EE923F26833656004B50CD /* NSString+LBSAES.h */,
				63EE924026833656004B50CD /* NSString+LBSAES.m */,
			);
			path = Extension;
			sourceTree = "<group>";
		};
		63A0B7A524EBCABB00F2C9DA /* LBSTagView */ = {
			isa = PBXGroup;
			children = (
				635E6D1A24EAC7BE000BACC9 /* LBSTagView.swift */,
				6317DAEC24EBD2DE000E6DC4 /* LBSNomalTagItemView.swift */,
				6331827725E63A260066476F /* LBSCanDeleteTagItemView.swift */,
			);
			path = LBSTagView;
			sourceTree = "<group>";
		};
		63A0B7A624EBCAD900F2C9DA /* TableDemo */ = {
			isa = PBXGroup;
			children = (
				635E6D1624EAC67E000BACC9 /* TableTagsDemoCtrl.swift */,
				635E6D1724EAC67E000BACC9 /* TableTagsDemoCtrl.xib */,
				635E6D1C24EAC95E000BACC9 /* TagsTableViewCell.swift */,
				635E6D1D24EAC95E000BACC9 /* TagsTableViewCell.xib */,
			);
			path = TableDemo;
			sourceTree = "<group>";
		};
		63A0B7A724EBCAF100F2C9DA /* NomalDemo */ = {
			isa = PBXGroup;
			children = (
				63A0B7AA24EBCCEF00F2C9DA /* NomalTagsDemoCtrl.swift */,
				63A0B7AB24EBCCEF00F2C9DA /* NomalTagsDemoCtrl.xib */,
			);
			path = NomalDemo;
			sourceTree = "<group>";
		};
		63A7D4712680795F00523F4A /* 二进制重排 */ = {
			isa = PBXGroup;
			children = (
				63A7D4732680797F00523F4A /* LBSBinarySort.h */,
				63A7D4742680797F00523F4A /* LBSBinarySort.m */,
			);
			path = "二进制重排";
			sourceTree = "<group>";
		};
		63BDF747255A328C00FE8351 /* 类闲鱼Tabbar */ = {
			isa = PBXGroup;
			children = (
				63BDF748255A32D700FE8351 /* XLTabbarCtr.swift */,
				63BDF750255A392F00FE8351 /* XLTabBar.swift */,
			);
			path = "类闲鱼Tabbar";
			sourceTree = "<group>";
		};
		63DA0A582574C919001A3F2B /* 基础服务类 */ = {
			isa = PBXGroup;
			children = (
				63EE92362682E778004B50CD /* KeyChain */,
				63A7D4712680795F00523F4A /* 二进制重排 */,
				63490CD924EA65F600E09BF5 /* Web */,
				637DF0FC25F86DF900C3B383 /* 常用宏 */,
				637DF0F225F86D2100C3B383 /* 基类 */,
				63DA0A592574C92B001A3F2B /* 网络请求 */,
			);
			path = "基础服务类";
			sourceTree = "<group>";
		};
		63DA0A592574C92B001A3F2B /* 网络请求 */ = {
			isa = PBXGroup;
			children = (
				63DA0A5A2574C954001A3F2B /* XLNetworkHelper.swift */,
			);
			path = "网络请求";
			sourceTree = "<group>";
		};
		63EE92362682E778004B50CD /* KeyChain */ = {
			isa = PBXGroup;
			children = (
				63EE92372682E796004B50CD /* LBSKeyChainUtil.h */,
				63EE92382682E796004B50CD /* LBSKeyChainUtil.m */,
			);
			path = KeyChain;
			sourceTree = "<group>";
		};
		63EE923A268314A1004B50CD /* 敏感数据保存 */ = {
			isa = PBXGroup;
			children = (
				63EE923B268314EB004B50CD /* SensitiveDataSaveCtrl.swift */,
				63EE923C268314EB004B50CD /* SensitiveDataSaveCtrl.xib */,
			);
			path = "敏感数据保存";
			sourceTree = "<group>";
		};
		63F198B42595D49D00804F59 /* 动画 */ = {
			isa = PBXGroup;
			children = (
				63CDE67525F76F6C003A9638 /* TestPageTurningCtrl.swift */,
				638C30BC25F7709600D16EE4 /* TestPageTurningCtrl.xib */,
				63F198C42595D53800804F59 /* TextSpringAnimationCtrl.swift */,
				63F198C52595D53800804F59 /* TextSpringAnimationCtrl.xib */,
			);
			path = "动画";
			sourceTree = "<group>";
		};
		63F55D5F258E4E2A00F1259E /* 常用控件 */ = {
			isa = PBXGroup;
			children = (
				63F55D60258E4E4500F1259E /* XLLimiCountTextView.swift */,
				63F55D68258E4EF000F1259E /* LimitCountTextViewDemo.swift */,
				63CFEB4E265F70CC00F92A60 /* XLCustomSlider.swift */,
			);
			path = "常用控件";
			sourceTree = "<group>";
		};
		63FC72D025599489003A3D18 /* 投票结果 */ = {
			isa = PBXGroup;
			children = (
				63FC72D4255994BD003A3D18 /* ToupiaoJIeGuoCtrl.swift */,
			);
			path = "投票结果";
			sourceTree = "<group>";
		};
		7917CC7EFF8225A79505D4B6 /* Frameworks */ = {
			isa = PBXGroup;
			children = (
				2A7DF4B8C2EDB705785DF511 /* Pods_iOS_Demo.framework */,
			);
			name = Frameworks;
			sourceTree = "<group>";
		};
/* End PBXGroup section */

/* Begin PBXNativeTarget section */
		63490CA124EA619400E09BF5 /* iOS-Demo */ = {
			isa = PBXNativeTarget;
			buildConfigurationList = 63490CCC24EA619400E09BF5 /* Build configuration list for PBXNativeTarget "iOS-Demo" */;
			buildPhases = (
				51C8B96A1E143AED121B76DC /* [CP] Check Pods Manifest.lock */,
				63490C9E24EA619400E09BF5 /* Sources */,
				63490C9F24EA619400E09BF5 /* Frameworks */,
				63490CA024EA619400E09BF5 /* Resources */,
				49A26A753AE624A30B014EB7 /* [CP] Embed Pods Frameworks */,
			);
			buildRules = (
			);
			dependencies = (
			);
			name = "iOS-Demo";
			productName = "iOS-Demo";
			productReference = 63490CA224EA619400E09BF5 /* iOS-Demo.app */;
			productType = "com.apple.product-type.application";
		};
		63490CB724EA619400E09BF5 /* iOS-DemoTests */ = {
			isa = PBXNativeTarget;
			buildConfigurationList = 63490CCF24EA619400E09BF5 /* Build configuration list for PBXNativeTarget "iOS-DemoTests" */;
			buildPhases = (
				63490CB424EA619400E09BF5 /* Sources */,
				63490CB524EA619400E09BF5 /* Frameworks */,
				63490CB624EA619400E09BF5 /* Resources */,
			);
			buildRules = (
			);
			dependencies = (
				63490CBA24EA619400E09BF5 /* PBXTargetDependency */,
			);
			name = "iOS-DemoTests";
			productName = "iOS-DemoTests";
			productReference = 63490CB824EA619400E09BF5 /* iOS-DemoTests.xctest */;
			productType = "com.apple.product-type.bundle.unit-test";
		};
		63490CC224EA619400E09BF5 /* iOS-DemoUITests */ = {
			isa = PBXNativeTarget;
			buildConfigurationList = 63490CD224EA619400E09BF5 /* Build configuration list for PBXNativeTarget "iOS-DemoUITests" */;
			buildPhases = (
				63490CBF24EA619400E09BF5 /* Sources */,
				63490CC024EA619400E09BF5 /* Frameworks */,
				63490CC124EA619400E09BF5 /* Resources */,
			);
			buildRules = (
			);
			dependencies = (
				63490CC524EA619400E09BF5 /* PBXTargetDependency */,
			);
			name = "iOS-DemoUITests";
			productName = "iOS-DemoUITests";
			productReference = 63490CC324EA619400E09BF5 /* iOS-DemoUITests.xctest */;
			productType = "com.apple.product-type.bundle.ui-testing";
		};
/* End PBXNativeTarget section */

/* Begin PBXProject section */
		63490C9A24EA619300E09BF5 /* Project object */ = {
			isa = PBXProject;
			attributes = {
				LastSwiftUpdateCheck = 1160;
				LastUpgradeCheck = 1160;
				ORGANIZATIONNAME = LBS;
				TargetAttributes = {
					63490CA124EA619400E09BF5 = {
						CreatedOnToolsVersion = 11.6;
						LastSwiftMigration = 1250;
					};
					63490CB724EA619400E09BF5 = {
						CreatedOnToolsVersion = 11.6;
						TestTargetID = 63490CA124EA619400E09BF5;
					};
					63490CC224EA619400E09BF5 = {
						CreatedOnToolsVersion = 11.6;
						TestTargetID = 63490CA124EA619400E09BF5;
					};
				};
			};
			buildConfigurationList = 63490C9D24EA619300E09BF5 /* Build configuration list for PBXProject "iOS-Demo" */;
			compatibilityVersion = "Xcode 9.3";
			developmentRegion = en;
			hasScannedForEncodings = 0;
			knownRegions = (
				en,
				Base,
			);
			mainGroup = 63490C9924EA619300E09BF5;
			productRefGroup = 63490CA324EA619400E09BF5 /* Products */;
			projectDirPath = "";
			projectRoot = "";
			targets = (
				63490CA124EA619400E09BF5 /* iOS-Demo */,
				63490CB724EA619400E09BF5 /* iOS-DemoTests */,
				63490CC224EA619400E09BF5 /* iOS-DemoUITests */,
			);
		};
/* End PBXProject section */

/* Begin PBXResourcesBuildPhase section */
		63490CA024EA619400E09BF5 /* Resources */ = {
			isa = PBXResourcesBuildPhase;
			buildActionMask = 2147483647;
			files = (
				63EE923E268314EB004B50CD /* SensitiveDataSaveCtrl.xib in Resources */,
				63490CB224EA619400E09BF5 /* LaunchScreen.storyboard in Resources */,
				63F198C72595D53800804F59 /* TextSpringAnimationCtrl.xib in Resources */,
				637B14CC268B1CD100687149 /* coffee.json in Resources */,
				63490CAF24EA619400E09BF5 /* Assets.xcassets in Resources */,
				635E6D1924EAC67E000BACC9 /* TableTagsDemoCtrl.xib in Resources */,
				63A0B7AD24EBCCEF00F2C9DA /* NomalTagsDemoCtrl.xib in Resources */,
				63490CDE24EA7E5B00E09BF5 /* H5Bridge.html in Resources */,
				638C30BD25F7709600D16EE4 /* TestPageTurningCtrl.xib in Resources */,
				637B14CE268B40DB00687149 /* download.json in Resources */,
				637B14CA268B1C1D00687149 /* TestLottieCtrl.xib in Resources */,
				635E6D1F24EAC95E000BACC9 /* TagsTableViewCell.xib in Resources */,
				63490CAD24EA619400E09BF5 /* Main.storyboard in Resources */,
			);
			runOnlyForDeploymentPostprocessing = 0;
		};
		63490CB624EA619400E09BF5 /* Resources */ = {
			isa = PBXResourcesBuildPhase;
			buildActionMask = 2147483647;
			files = (
			);
			runOnlyForDeploymentPostprocessing = 0;
		};
		63490CC124EA619400E09BF5 /* Resources */ = {
			isa = PBXResourcesBuildPhase;
			buildActionMask = 2147483647;
			files = (
			);
			runOnlyForDeploymentPostprocessing = 0;
		};
/* End PBXResourcesBuildPhase section */

/* Begin PBXShellScriptBuildPhase section */
		49A26A753AE624A30B014EB7 /* [CP] Embed Pods Frameworks */ = {
			isa = PBXShellScriptBuildPhase;
			buildActionMask = 2147483647;
			files = (
			);
			inputFileListPaths = (
				"${PODS_ROOT}/Target Support Files/Pods-iOS-Demo/Pods-iOS-Demo-frameworks-${CONFIGURATION}-input-files.xcfilelist",
			);
			name = "[CP] Embed Pods Frameworks";
			outputFileListPaths = (
				"${PODS_ROOT}/Target Support Files/Pods-iOS-Demo/Pods-iOS-Demo-frameworks-${CONFIGURATION}-output-files.xcfilelist",
			);
			runOnlyForDeploymentPostprocessing = 0;
			shellPath = /bin/sh;
			shellScript = "\"${PODS_ROOT}/Target Support Files/Pods-iOS-Demo/Pods-iOS-Demo-frameworks.sh\"\n";
			showEnvVarsInLog = 0;
		};
		51C8B96A1E143AED121B76DC /* [CP] Check Pods Manifest.lock */ = {
			isa = PBXShellScriptBuildPhase;
			buildActionMask = 2147483647;
			files = (
			);
			inputFileListPaths = (
			);
			inputPaths = (
				"${PODS_PODFILE_DIR_PATH}/Podfile.lock",
				"${PODS_ROOT}/Manifest.lock",
			);
			name = "[CP] Check Pods Manifest.lock";
			outputFileListPaths = (
			);
			outputPaths = (
				"$(DERIVED_FILE_DIR)/Pods-iOS-Demo-checkManifestLockResult.txt",
			);
			runOnlyForDeploymentPostprocessing = 0;
			shellPath = /bin/sh;
			shellScript = "diff \"${PODS_PODFILE_DIR_PATH}/Podfile.lock\" \"${PODS_ROOT}/Manifest.lock\" > /dev/null\nif [ $? != 0 ] ; then\n    # print error to STDERR\n    echo \"error: The sandbox is not in sync with the Podfile.lock. Run 'pod install' or update your CocoaPods installation.\" >&2\n    exit 1\nfi\n# This output is used by Xcode 'outputs' to avoid re-running this script phase.\necho \"SUCCESS\" > \"${SCRIPT_OUTPUT_FILE_0}\"\n";
			showEnvVarsInLog = 0;
		};
/* End PBXShellScriptBuildPhase section */

/* Begin PBXSourcesBuildPhase section */
		63490C9E24EA619400E09BF5 /* Sources */ = {
			isa = PBXSourcesBuildPhase;
			buildActionMask = 2147483647;
			files = (
				63A0B7A024EB720B00F2C9DA /* UIApplicatonExtension.swift in Sources */,
				63EE924126833656004B50CD /* NSString+LBSAES.m in Sources */,
				639E255B2580660E007CADF2 /* UIImageExtensions.swift in Sources */,
				63BDF749255A32D700FE8351 /* XLTabbarCtr.swift in Sources */,
				63A0B7A424EBB7FC00F2C9DA /* UIColorExtension.swift in Sources */,
				637B14C9268B1C1D00687149 /* TestLottieCtrl.swift in Sources */,
				63F55D61258E4E4500F1259E /* XLLimiCountTextView.swift in Sources */,
				63A0B79E24EB706F00F2C9DA /* UIViewControllerExtension.swift in Sources */,
				63490CAA24EA619400E09BF5 /* ViewController.swift in Sources */,
				639E255325806410007CADF2 /* TestUIKitViewController.swift in Sources */,
				63A0B7AC24EBCCEF00F2C9DA /* NomalTagsDemoCtrl.swift in Sources */,
				6317DAED24EBD2DE000E6DC4 /* LBSNomalTagItemView.swift in Sources */,
				63EE92392682E796004B50CD /* LBSKeyChainUtil.m in Sources */,
				63490CDB24EA664900E09BF5 /* BaseWebViewController.swift in Sources */,
				635E6D1824EAC67E000BACC9 /* TableTagsDemoCtrl.swift in Sources */,
				637DF0FE25F86E1700C3B383 /* MacroTool.swift in Sources */,
				63CFEB4F265F70CC00F92A60 /* XLCustomSlider.swift in Sources */,
				63490CD624EA625300E09BF5 /* Test_EntryViewController.swift in Sources */,
				63490CA624EA619400E09BF5 /* AppDelegate.swift in Sources */,
				63A7D4752680797F00523F4A /* LBSBinarySort.m in Sources */,
				63490CE024EA84B400E09BF5 /* LBSJSHandleService.swift in Sources */,
				63FC72D5255994BD003A3D18 /* ToupiaoJIeGuoCtrl.swift in Sources */,
				63490CD824EA62E600E09BF5 /* Test_EntryViewControllerExt.swift in Sources */,
				63DA0A5B2574C954001A3F2B /* XLNetworkHelper.swift in Sources */,
				63EE923D268314EB004B50CD /* SensitiveDataSaveCtrl.swift in Sources */,
				63F55D69258E4EF000F1259E /* LimitCountTextViewDemo.swift in Sources */,
				63F198C62595D53800804F59 /* TextSpringAnimationCtrl.swift in Sources */,
				637DF0F525F86D5600C3B383 /* XLBaseViewController.swift in Sources */,
				635E6D1B24EAC7BE000BACC9 /* LBSTagView.swift in Sources */,
				637DF11D25F876B800C3B383 /* UITabbarControllerExtension.swift in Sources */,
				63CDE67625F76F6C003A9638 /* TestPageTurningCtrl.swift in Sources */,
				637DF10825F8704800C3B383 /* XLTestLandscapeCtrl.swift in Sources */,
				63AF1B17256F4B560076BCCB /* XLLaunchViewController.swift in Sources */,
				6331827825E63A260066476F /* LBSCanDeleteTagItemView.swift in Sources */,
				63BDF751255A392F00FE8351 /* XLTabBar.swift in Sources */,
				637DF11025F871CC00C3B383 /* XLBaseNavViewController.swift in Sources */,
				637DF11825F876A800C3B383 /* UINavigationControllerExtension.swift in Sources */,
				6331827325E638080066476F /* CustomTagDemoCtrl.swift in Sources */,
				63A0B7A224EBB41F00F2C9DA /* StringExtension.swift in Sources */,
				635E6D1E24EAC95E000BACC9 /* TagsTableViewCell.swift in Sources */,
			);
			runOnlyForDeploymentPostprocessing = 0;
		};
		63490CB424EA619400E09BF5 /* Sources */ = {
			isa = PBXSourcesBuildPhase;
			buildActionMask = 2147483647;
			files = (
				63490CBD24EA619400E09BF5 /* iOS_DemoTests.swift in Sources */,
			);
			runOnlyForDeploymentPostprocessing = 0;
		};
		63490CBF24EA619400E09BF5 /* Sources */ = {
			isa = PBXSourcesBuildPhase;
			buildActionMask = 2147483647;
			files = (
				63490CC824EA619400E09BF5 /* iOS_DemoUITests.swift in Sources */,
			);
			runOnlyForDeploymentPostprocessing = 0;
		};
/* End PBXSourcesBuildPhase section */

/* Begin PBXTargetDependency section */
		63490CBA24EA619400E09BF5 /* PBXTargetDependency */ = {
			isa = PBXTargetDependency;
			target = 63490CA124EA619400E09BF5 /* iOS-Demo */;
			targetProxy = 63490CB924EA619400E09BF5 /* PBXContainerItemProxy */;
		};
		63490CC524EA619400E09BF5 /* PBXTargetDependency */ = {
			isa = PBXTargetDependency;
			target = 63490CA124EA619400E09BF5 /* iOS-Demo */;
			targetProxy = 63490CC424EA619400E09BF5 /* PBXContainerItemProxy */;
		};
/* End PBXTargetDependency section */

/* Begin PBXVariantGroup section */
		63490CAB24EA619400E09BF5 /* Main.storyboard */ = {
			isa = PBXVariantGroup;
			children = (
				63490CAC24EA619400E09BF5 /* Base */,
			);
			name = Main.storyboard;
			sourceTree = "<group>";
		};
		63490CB024EA619400E09BF5 /* LaunchScreen.storyboard */ = {
			isa = PBXVariantGroup;
			children = (
				63490CB124EA619400E09BF5 /* Base */,
			);
			name = LaunchScreen.storyboard;
			sourceTree = "<group>";
		};
/* End PBXVariantGroup section */

/* Begin XCBuildConfiguration section */
		63490CCA24EA619400E09BF5 /* Debug */ = {
			isa = XCBuildConfiguration;
			buildSettings = {
				ALWAYS_SEARCH_USER_PATHS = NO;
				CLANG_ANALYZER_NONNULL = YES;
				CLANG_ANALYZER_NUMBER_OBJECT_CONVERSION = YES_AGGRESSIVE;
				CLANG_CXX_LANGUAGE_STANDARD = "gnu++14";
				CLANG_CXX_LIBRARY = "libc++";
				CLANG_ENABLE_MODULES = YES;
				CLANG_ENABLE_OBJC_ARC = YES;
				CLANG_ENABLE_OBJC_WEAK = YES;
				CLANG_WARN_BLOCK_CAPTURE_AUTORELEASING = YES;
				CLANG_WARN_BOOL_CONVERSION = YES;
				CLANG_WARN_COMMA = YES;
				CLANG_WARN_CONSTANT_CONVERSION = YES;
				CLANG_WARN_DEPRECATED_OBJC_IMPLEMENTATIONS = YES;
				CLANG_WARN_DIRECT_OBJC_ISA_USAGE = YES_ERROR;
				CLANG_WARN_DOCUMENTATION_COMMENTS = YES;
				CLANG_WARN_EMPTY_BODY = YES;
				CLANG_WARN_ENUM_CONVERSION = YES;
				CLANG_WARN_INFINITE_RECURSION = YES;
				CLANG_WARN_INT_CONVERSION = YES;
				CLANG_WARN_NON_LITERAL_NULL_CONVERSION = YES;
				CLANG_WARN_OBJC_IMPLICIT_RETAIN_SELF = YES;
				CLANG_WARN_OBJC_LITERAL_CONVERSION = YES;
				CLANG_WARN_OBJC_ROOT_CLASS = YES_ERROR;
				CLANG_WARN_RANGE_LOOP_ANALYSIS = YES;
				CLANG_WARN_STRICT_PROTOTYPES = YES;
				CLANG_WARN_SUSPICIOUS_MOVE = YES;
				CLANG_WARN_UNGUARDED_AVAILABILITY = YES_AGGRESSIVE;
				CLANG_WARN_UNREACHABLE_CODE = YES;
				CLANG_WARN__DUPLICATE_METHOD_MATCH = YES;
				COPY_PHASE_STRIP = NO;
				DEBUG_INFORMATION_FORMAT = dwarf;
				ENABLE_STRICT_OBJC_MSGSEND = YES;
				ENABLE_TESTABILITY = YES;
				GCC_C_LANGUAGE_STANDARD = gnu11;
				GCC_DYNAMIC_NO_PIC = NO;
				GCC_NO_COMMON_BLOCKS = YES;
				GCC_OPTIMIZATION_LEVEL = 0;
				GCC_PREPROCESSOR_DEFINITIONS = (
					"DEBUG=1",
					"$(inherited)",
				);
				GCC_WARN_64_TO_32_BIT_CONVERSION = YES;
				GCC_WARN_ABOUT_RETURN_TYPE = YES_ERROR;
				GCC_WARN_UNDECLARED_SELECTOR = YES;
				GCC_WARN_UNINITIALIZED_AUTOS = YES_AGGRESSIVE;
				GCC_WARN_UNUSED_FUNCTION = YES;
				GCC_WARN_UNUSED_VARIABLE = YES;
				IPHONEOS_DEPLOYMENT_TARGET = 13.6;
				MTL_ENABLE_DEBUG_INFO = INCLUDE_SOURCE;
				MTL_FAST_MATH = YES;
				ONLY_ACTIVE_ARCH = YES;
				SDKROOT = iphoneos;
				SWIFT_ACTIVE_COMPILATION_CONDITIONS = DEBUG;
				SWIFT_OPTIMIZATION_LEVEL = "-Onone";
			};
			name = Debug;
		};
		63490CCB24EA619400E09BF5 /* Release */ = {
			isa = XCBuildConfiguration;
			buildSettings = {
				ALWAYS_SEARCH_USER_PATHS = NO;
				CLANG_ANALYZER_NONNULL = YES;
				CLANG_ANALYZER_NUMBER_OBJECT_CONVERSION = YES_AGGRESSIVE;
				CLANG_CXX_LANGUAGE_STANDARD = "gnu++14";
				CLANG_CXX_LIBRARY = "libc++";
				CLANG_ENABLE_MODULES = YES;
				CLANG_ENABLE_OBJC_ARC = YES;
				CLANG_ENABLE_OBJC_WEAK = YES;
				CLANG_WARN_BLOCK_CAPTURE_AUTORELEASING = YES;
				CLANG_WARN_BOOL_CONVERSION = YES;
				CLANG_WARN_COMMA = YES;
				CLANG_WARN_CONSTANT_CONVERSION = YES;
				CLANG_WARN_DEPRECATED_OBJC_IMPLEMENTATIONS = YES;
				CLANG_WARN_DIRECT_OBJC_ISA_USAGE = YES_ERROR;
				CLANG_WARN_DOCUMENTATION_COMMENTS = YES;
				CLANG_WARN_EMPTY_BODY = YES;
				CLANG_WARN_ENUM_CONVERSION = YES;
				CLANG_WARN_INFINITE_RECURSION = YES;
				CLANG_WARN_INT_CONVERSION = YES;
				CLANG_WARN_NON_LITERAL_NULL_CONVERSION = YES;
				CLANG_WARN_OBJC_IMPLICIT_RETAIN_SELF = YES;
				CLANG_WARN_OBJC_LITERAL_CONVERSION = YES;
				CLANG_WARN_OBJC_ROOT_CLASS = YES_ERROR;
				CLANG_WARN_RANGE_LOOP_ANALYSIS = YES;
				CLANG_WARN_STRICT_PROTOTYPES = YES;
				CLANG_WARN_SUSPICIOUS_MOVE = YES;
				CLANG_WARN_UNGUARDED_AVAILABILITY = YES_AGGRESSIVE;
				CLANG_WARN_UNREACHABLE_CODE = YES;
				CLANG_WARN__DUPLICATE_METHOD_MATCH = YES;
				COPY_PHASE_STRIP = NO;
				DEBUG_INFORMATION_FORMAT = "dwarf-with-dsym";
				ENABLE_NS_ASSERTIONS = NO;
				ENABLE_STRICT_OBJC_MSGSEND = YES;
				GCC_C_LANGUAGE_STANDARD = gnu11;
				GCC_NO_COMMON_BLOCKS = YES;
				GCC_WARN_64_TO_32_BIT_CONVERSION = YES;
				GCC_WARN_ABOUT_RETURN_TYPE = YES_ERROR;
				GCC_WARN_UNDECLARED_SELECTOR = YES;
				GCC_WARN_UNINITIALIZED_AUTOS = YES_AGGRESSIVE;
				GCC_WARN_UNUSED_FUNCTION = YES;
				GCC_WARN_UNUSED_VARIABLE = YES;
				IPHONEOS_DEPLOYMENT_TARGET = 13.6;
				MTL_ENABLE_DEBUG_INFO = NO;
				MTL_FAST_MATH = YES;
				SDKROOT = iphoneos;
				SWIFT_COMPILATION_MODE = wholemodule;
				SWIFT_OPTIMIZATION_LEVEL = "-O";
				VALIDATE_PRODUCT = YES;
			};
			name = Release;
		};
		63490CCD24EA619400E09BF5 /* Debug */ = {
			isa = XCBuildConfiguration;
			baseConfigurationReference = B19EB99AEB3AF6676AC58317 /* Pods-iOS-Demo.debug.xcconfig */;
			buildSettings = {
				ASSETCATALOG_COMPILER_APPICON_NAME = AppIcon;
				CLANG_ENABLE_MODULES = YES;
				CODE_SIGN_STYLE = Automatic;
				DEVELOPMENT_TEAM = HLFJVUFT9Q;
				INFOPLIST_FILE = "iOS-Demo/Info.plist";
				IPHONEOS_DEPLOYMENT_TARGET = 10.0;
				LD_GENERATE_MAP_FILE = YES;
				LD_RUNPATH_SEARCH_PATHS = (
					"$(inherited)",
					"@executable_path/Frameworks",
				);
				ORDER_FILE = "$(SRCROOT)/lb.order";
				OTHER_CFLAGS = "-fsanitize-coverage=func,trace-pc-guard";
				OTHER_SWIFT_FLAGS = "$(inherited) -D COCOAPODS -sanitize-coverage=func -sanitize=undefined";
				PRODUCT_BUNDLE_IDENTIFIER = "com.Lbs.iOS-Demo";
				PRODUCT_NAME = "$(TARGET_NAME)";
				SWIFT_OBJC_BRIDGING_HEADER = "iOS-Demo/iOS-Demo-Bridging-Header.h";
				SWIFT_OPTIMIZATION_LEVEL = "-Onone";
				SWIFT_VERSION = 5.0;
				TARGETED_DEVICE_FAMILY = "1,2";
			};
			name = Debug;
		};
		63490CCE24EA619400E09BF5 /* Release */ = {
			isa = XCBuildConfiguration;
			baseConfigurationReference = 44E5D086D1DFF7B0A920D9FB /* Pods-iOS-Demo.release.xcconfig */;
			buildSettings = {
				ASSETCATALOG_COMPILER_APPICON_NAME = AppIcon;
				CLANG_ENABLE_MODULES = YES;
				CODE_SIGN_STYLE = Automatic;
				DEVELOPMENT_TEAM = HLFJVUFT9Q;
				INFOPLIST_FILE = "iOS-Demo/Info.plist";
				IPHONEOS_DEPLOYMENT_TARGET = 10.0;
				LD_GENERATE_MAP_FILE = NO;
				LD_RUNPATH_SEARCH_PATHS = (
					"$(inherited)",
					"@executable_path/Frameworks",
				);
				ORDER_FILE = "$(SRCROOT)/lb.order";
				OTHER_CFLAGS = "-fsanitize-coverage=func,trace-pc-guard";
				OTHER_SWIFT_FLAGS = "$(inherited) -D COCOAPODS -sanitize-coverage=func -sanitize=undefined";
				PRODUCT_BUNDLE_IDENTIFIER = "com.Lbs.iOS-Demo";
				PRODUCT_NAME = "$(TARGET_NAME)";
				SWIFT_OBJC_BRIDGING_HEADER = "iOS-Demo/iOS-Demo-Bridging-Header.h";
				SWIFT_VERSION = 5.0;
				TARGETED_DEVICE_FAMILY = "1,2";
			};
			name = Release;
		};
		63490CD024EA619400E09BF5 /* Debug */ = {
			isa = XCBuildConfiguration;
			buildSettings = {
				ALWAYS_EMBED_SWIFT_STANDARD_LIBRARIES = YES;
				BUNDLE_LOADER = "$(TEST_HOST)";
				CODE_SIGN_STYLE = Automatic;
				INFOPLIST_FILE = "iOS-DemoTests/Info.plist";
				IPHONEOS_DEPLOYMENT_TARGET = 13.6;
				LD_RUNPATH_SEARCH_PATHS = (
					"$(inherited)",
					"@executable_path/Frameworks",
					"@loader_path/Frameworks",
				);
				PRODUCT_BUNDLE_IDENTIFIER = "com.Lbs.iOS-DemoTests";
				PRODUCT_NAME = "$(TARGET_NAME)";
				SWIFT_VERSION = 5.0;
				TARGETED_DEVICE_FAMILY = "1,2";
				TEST_HOST = "$(BUILT_PRODUCTS_DIR)/iOS-Demo.app/iOS-Demo";
			};
			name = Debug;
		};
		63490CD124EA619400E09BF5 /* Release */ = {
			isa = XCBuildConfiguration;
			buildSettings = {
				ALWAYS_EMBED_SWIFT_STANDARD_LIBRARIES = YES;
				BUNDLE_LOADER = "$(TEST_HOST)";
				CODE_SIGN_STYLE = Automatic;
				INFOPLIST_FILE = "iOS-DemoTests/Info.plist";
				IPHONEOS_DEPLOYMENT_TARGET = 13.6;
				LD_RUNPATH_SEARCH_PATHS = (
					"$(inherited)",
					"@executable_path/Frameworks",
					"@loader_path/Frameworks",
				);
				PRODUCT_BUNDLE_IDENTIFIER = "com.Lbs.iOS-DemoTests";
				PRODUCT_NAME = "$(TARGET_NAME)";
				SWIFT_VERSION = 5.0;
				TARGETED_DEVICE_FAMILY = "1,2";
				TEST_HOST = "$(BUILT_PRODUCTS_DIR)/iOS-Demo.app/iOS-Demo";
			};
			name = Release;
		};
		63490CD324EA619400E09BF5 /* Debug */ = {
			isa = XCBuildConfiguration;
			buildSettings = {
				ALWAYS_EMBED_SWIFT_STANDARD_LIBRARIES = YES;
				CODE_SIGN_STYLE = Automatic;
				INFOPLIST_FILE = "iOS-DemoUITests/Info.plist";
				LD_RUNPATH_SEARCH_PATHS = (
					"$(inherited)",
					"@executable_path/Frameworks",
					"@loader_path/Frameworks",
				);
				PRODUCT_BUNDLE_IDENTIFIER = "com.Lbs.iOS-DemoUITests";
				PRODUCT_NAME = "$(TARGET_NAME)";
				SWIFT_VERSION = 5.0;
				TARGETED_DEVICE_FAMILY = "1,2";
				TEST_TARGET_NAME = "iOS-Demo";
			};
			name = Debug;
		};
		63490CD424EA619400E09BF5 /* Release */ = {
			isa = XCBuildConfiguration;
			buildSettings = {
				ALWAYS_EMBED_SWIFT_STANDARD_LIBRARIES = YES;
				CODE_SIGN_STYLE = Automatic;
				INFOPLIST_FILE = "iOS-DemoUITests/Info.plist";
				LD_RUNPATH_SEARCH_PATHS = (
					"$(inherited)",
					"@executable_path/Frameworks",
					"@loader_path/Frameworks",
				);
				PRODUCT_BUNDLE_IDENTIFIER = "com.Lbs.iOS-DemoUITests";
				PRODUCT_NAME = "$(TARGET_NAME)";
				SWIFT_VERSION = 5.0;
				TARGETED_DEVICE_FAMILY = "1,2";
				TEST_TARGET_NAME = "iOS-Demo";
			};
			name = Release;
		};
/* End XCBuildConfiguration section */

/* Begin XCConfigurationList section */
		63490C9D24EA619300E09BF5 /* Build configuration list for PBXProject "iOS-Demo" */ = {
			isa = XCConfigurationList;
			buildConfigurations = (
				63490CCA24EA619400E09BF5 /* Debug */,
				63490CCB24EA619400E09BF5 /* Release */,
			);
			defaultConfigurationIsVisible = 0;
			defaultConfigurationName = Release;
		};
		63490CCC24EA619400E09BF5 /* Build configuration list for PBXNativeTarget "iOS-Demo" */ = {
			isa = XCConfigurationList;
			buildConfigurations = (
				63490CCD24EA619400E09BF5 /* Debug */,
				63490CCE24EA619400E09BF5 /* Release */,
			);
			defaultConfigurationIsVisible = 0;
			defaultConfigurationName = Release;
		};
		63490CCF24EA619400E09BF5 /* Build configuration list for PBXNativeTarget "iOS-DemoTests" */ = {
			isa = XCConfigurationList;
			buildConfigurations = (
				63490CD024EA619400E09BF5 /* Debug */,
				63490CD124EA619400E09BF5 /* Release */,
			);
			defaultConfigurationIsVisible = 0;
			defaultConfigurationName = Release;
		};
		63490CD224EA619400E09BF5 /* Build configuration list for PBXNativeTarget "iOS-DemoUITests" */ = {
			isa = XCConfigurationList;
			buildConfigurations = (
				63490CD324EA619400E09BF5 /* Debug */,
				63490CD424EA619400E09BF5 /* Release */,
			);
			defaultConfigurationIsVisible = 0;
			defaultConfigurationName = Release;
		};
/* End XCConfigurationList section */
	};
	rootObject = 63490C9A24EA619300E09BF5 /* Project object */;
}
